
Microsoft Visual Studio Solution File, Format Version 12.00
# Visual Studio 15
VisualStudioVersion = 15.0.26124.0
MinimumVisualStudioVersion = 15.0.26124.0
Project("{FAE04EC0-301F-11D3-BF4B-00C04F79EFBC}") = "AcceAPI", "src\AcceAPI.csproj", "{4A84D374-73F5-40E1-8730-0E436EFAC6F3}"
EndProject
Project("{2150E333-8FDC-42A3-9474-1A3956D46DE8}") = "tests", "tests", "{FDDBAD0B-8E93-4D69-BDC7-395B4891B6A9}"
EndProject
Project("{FAE04EC0-301F-11D3-BF4B-00C04F79EFBC}") = "UnitTests", "tests\UnitTests\UnitTests.csproj", "{83E06914-8756-41CB-BDDB-42354AB5D0F9}"
EndProject
Global
	GlobalSection(SolutionConfigurationPlatforms) = preSolution
		Debug|Any CPU = Debug|Any CPU
		Debug|x64 = Debug|x64
		Debug|x86 = Debug|x86
		Release|Any CPU = Release|Any CPU
		Release|x64 = Release|x64
		Release|x86 = Release|x86
	EndGlobalSection
	GlobalSection(SolutionProperties) = preSolution
		HideSolutionNode = FALSE
	EndGlobalSection
	GlobalSection(ProjectConfigurationPlatforms) = postSolution
		{A16CD356-B1A5-4571-9DDA-301AB881D516}.Debug|Any CPU.ActiveCfg = Debug|Any CPU
		{A16CD356-B1A5-4571-9DDA-301AB881D516}.Debug|Any CPU.Build.0 = Debug|Any CPU
		{A16CD356-B1A5-4571-9DDA-301AB881D516}.Debug|x64.ActiveCfg = Debug|Any CPU
		{A16CD356-B1A5-4571-9DDA-301AB881D516}.Debug|x64.Build.0 = Debug|Any CPU
		{A16CD356-B1A5-4571-9DDA-301AB881D516}.Debug|x86.ActiveCfg = Debug|Any CPU
		{A16CD356-B1A5-4571-9DDA-301AB881D516}.Debug|x86.Build.0 = Debug|Any CPU
		{A16CD356-B1A5-4571-9DDA-301AB881D516}.Release|Any CPU.ActiveCfg = Release|Any CPU
		{A16CD356-B1A5-4571-9DDA-301AB881D516}.Release|Any CPU.Build.0 = Release|Any CPU
		{A16CD356-B1A5-4571-9DDA-301AB881D516}.Release|x64.ActiveCfg = Release|Any CPU
		{A16CD356-B1A5-4571-9DDA-301AB881D516}.Release|x64.Build.0 = Release|Any CPU
		{A16CD356-B1A5-4571-9DDA-301AB881D516}.Release|x86.ActiveCfg = Release|Any CPU
		{A16CD356-B1A5-4571-9DDA-301AB881D516}.Release|x86.Build.0 = Release|Any CPU
		{3D245385-77C7-4B77-BF43-3D14912B3AFA}.Debug|Any CPU.ActiveCfg = Debug|Any CPU
		{3D245385-77C7-4B77-BF43-3D14912B3AFA}.Debug|Any CPU.Build.0 = Debug|Any CPU
		{3D245385-77C7-4B77-BF43-3D14912B3AFA}.Debug|x64.ActiveCfg = Debug|Any CPU
		{3D245385-77C7-4B77-BF43-3D14912B3AFA}.Debug|x64.Build.0 = Debug|Any CPU
		{3D245385-77C7-4B77-BF43-3D14912B3AFA}.Debug|x86.ActiveCfg = Debug|Any CPU
		{3D245385-77C7-4B77-BF43-3D14912B3AFA}.Debug|x86.Build.0 = Debug|Any CPU
		{3D245385-77C7-4B77-BF43-3D14912B3AFA}.Release|Any CPU.ActiveCfg = Release|Any CPU
		{3D245385-77C7-4B77-BF43-3D14912B3AFA}.Release|Any CPU.Build.0 = Release|Any CPU
		{3D245385-77C7-4B77-BF43-3D14912B3AFA}.Release|x64.ActiveCfg = Release|Any CPU
		{3D245385-77C7-4B77-BF43-3D14912B3AFA}.Release|x64.Build.0 = Release|Any CPU
		{3D245385-77C7-4B77-BF43-3D14912B3AFA}.Release|x86.ActiveCfg = Release|Any CPU
		{3D245385-77C7-4B77-BF43-3D14912B3AFA}.Release|x86.Build.0 = Release|Any CPU
		{6651916F-F53C-4182-8319-8F8F283B1D16}.Debug|Any CPU.ActiveCfg = Debug|Any CPU
		{6651916F-F53C-4182-8319-8F8F283B1D16}.Debug|Any CPU.Build.0 = Debug|Any CPU
		{6651916F-F53C-4182-8319-8F8F283B1D16}.Debug|x64.ActiveCfg = Debug|Any CPU
		{6651916F-F53C-4182-8319-8F8F283B1D16}.Debug|x64.Build.0 = Debug|Any CPU
		{6651916F-F53C-4182-8319-8F8F283B1D16}.Debug|x86.ActiveCfg = Debug|Any CPU
		{6651916F-F53C-4182-8319-8F8F283B1D16}.Debug|x86.Build.0 = Debug|Any CPU
		{6651916F-F53C-4182-8319-8F8F283B1D16}.Release|Any CPU.ActiveCfg = Release|Any CPU
		{6651916F-F53C-4182-8319-8F8F283B1D16}.Release|Any CPU.Build.0 = Release|Any CPU
		{6651916F-F53C-4182-8319-8F8F283B1D16}.Release|x64.ActiveCfg = Release|Any CPU
		{6651916F-F53C-4182-8319-8F8F283B1D16}.Release|x64.Build.0 = Release|Any CPU
		{6651916F-F53C-4182-8319-8F8F283B1D16}.Release|x86.ActiveCfg = Release|Any CPU
		{6651916F-F53C-4182-8319-8F8F283B1D16}.Release|x86.Build.0 = Release|Any CPU
		{8302C6F0-E4D9-480E-B3FE-FE063CB734E2}.Debug|Any CPU.ActiveCfg = Debug|Any CPU
		{8302C6F0-E4D9-480E-B3FE-FE063CB734E2}.Debug|Any CPU.Build.0 = Debug|Any CPU
		{8302C6F0-E4D9-480E-B3FE-FE063CB734E2}.Debug|x64.ActiveCfg = Debug|Any CPU
		{8302C6F0-E4D9-480E-B3FE-FE063CB734E2}.Debug|x64.Build.0 = Debug|Any CPU
		{8302C6F0-E4D9-480E-B3FE-FE063CB734E2}.Debug|x86.ActiveCfg = Debug|Any CPU
		{8302C6F0-E4D9-480E-B3FE-FE063CB734E2}.Debug|x86.Build.0 = Debug|Any CPU
		{8302C6F0-E4D9-480E-B3FE-FE063CB734E2}.Release|Any CPU.ActiveCfg = Release|Any CPU
		{8302C6F0-E4D9-480E-B3FE-FE063CB734E2}.Release|Any CPU.Build.0 = Release|Any CPU
		{8302C6F0-E4D9-480E-B3FE-FE063CB734E2}.Release|x64.ActiveCfg = Release|Any CPU
		{8302C6F0-E4D9-480E-B3FE-FE063CB734E2}.Release|x64.Build.0 = Release|Any CPU
		{8302C6F0-E4D9-480E-B3FE-FE063CB734E2}.Release|x86.ActiveCfg = Release|Any CPU
		{8302C6F0-E4D9-480E-B3FE-FE063CB734E2}.Release|x86.Build.0 = Release|Any CPU
		{5A51A827-8812-46BA-8DF7-715A1EE9D37F}.Debug|Any CPU.ActiveCfg = Debug|Any CPU
		{5A51A827-8812-46BA-8DF7-715A1EE9D37F}.Debug|Any CPU.Build.0 = Debug|Any CPU
		{5A51A827-8812-46BA-8DF7-715A1EE9D37F}.Debug|x64.ActiveCfg = Debug|Any CPU
		{5A51A827-8812-46BA-8DF7-715A1EE9D37F}.Debug|x64.Build.0 = Debug|Any CPU
		{5A51A827-8812-46BA-8DF7-715A1EE9D37F}.Debug|x86.ActiveCfg = Debug|Any CPU
		{5A51A827-8812-46BA-8DF7-715A1EE9D37F}.Debug|x86.Build.0 = Debug|Any CPU
		{5A51A827-8812-46BA-8DF7-715A1EE9D37F}.Release|Any CPU.ActiveCfg = Release|Any CPU
		{5A51A827-8812-46BA-8DF7-715A1EE9D37F}.Release|Any CPU.Build.0 = Release|Any CPU
		{5A51A827-8812-46BA-8DF7-715A1EE9D37F}.Release|x64.ActiveCfg = Release|Any CPU
		{5A51A827-8812-46BA-8DF7-715A1EE9D37F}.Release|x64.Build.0 = Release|Any CPU
		{5A51A827-8812-46BA-8DF7-715A1EE9D37F}.Release|x86.ActiveCfg = Release|Any CPU
		{5A51A827-8812-46BA-8DF7-715A1EE9D37F}.Release|x86.Build.0 = Release|Any CPU
		{563E4DB9-9732-4143-9E90-84B70CBB0FD5}.Debug|Any CPU.ActiveCfg = Debug|Any CPU
		{563E4DB9-9732-4143-9E90-84B70CBB0FD5}.Debug|Any CPU.Build.0 = Debug|Any CPU
		{563E4DB9-9732-4143-9E90-84B70CBB0FD5}.Debug|x64.ActiveCfg = Debug|Any CPU
		{563E4DB9-9732-4143-9E90-84B70CBB0FD5}.Debug|x64.Build.0 = Debug|Any CPU
		{563E4DB9-9732-4143-9E90-84B70CBB0FD5}.Debug|x86.ActiveCfg = Debug|Any CPU
		{563E4DB9-9732-4143-9E90-84B70CBB0FD5}.Debug|x86.Build.0 = Debug|Any CPU
		{563E4DB9-9732-4143-9E90-84B70CBB0FD5}.Release|Any CPU.ActiveCfg = Release|Any CPU
		{563E4DB9-9732-4143-9E90-84B70CBB0FD5}.Release|Any CPU.Build.0 = Release|Any CPU
		{563E4DB9-9732-4143-9E90-84B70CBB0FD5}.Release|x64.ActiveCfg = Release|Any CPU
		{563E4DB9-9732-4143-9E90-84B70CBB0FD5}.Release|x64.Build.0 = Release|Any CPU
		{563E4DB9-9732-4143-9E90-84B70CBB0FD5}.Release|x86.ActiveCfg = Release|Any CPU
		{563E4DB9-9732-4143-9E90-84B70CBB0FD5}.Release|x86.Build.0 = Release|Any CPU
		{4A84D374-73F5-40E1-8730-0E436EFAC6F3}.Debug|Any CPU.ActiveCfg = Debug|Any CPU
		{4A84D374-73F5-40E1-8730-0E436EFAC6F3}.Debug|Any CPU.Build.0 = Debug|Any CPU
		{4A84D374-73F5-40E1-8730-0E436EFAC6F3}.Debug|x64.ActiveCfg = Debug|Any CPU
		{4A84D374-73F5-40E1-8730-0E436EFAC6F3}.Debug|x64.Build.0 = Debug|Any CPU
		{4A84D374-73F5-40E1-8730-0E436EFAC6F3}.Debug|x86.ActiveCfg = Debug|Any CPU
		{4A84D374-73F5-40E1-8730-0E436EFAC6F3}.Debug|x86.Build.0 = Debug|Any CPU
		{4A84D374-73F5-40E1-8730-0E436EFAC6F3}.Release|Any CPU.ActiveCfg = Release|Any CPU
		{4A84D374-73F5-40E1-8730-0E436EFAC6F3}.Release|Any CPU.Build.0 = Release|Any CPU
		{4A84D374-73F5-40E1-8730-0E436EFAC6F3}.Release|x64.ActiveCfg = Release|Any CPU
		{4A84D374-73F5-40E1-8730-0E436EFAC6F3}.Release|x64.Build.0 = Release|Any CPU
		{4A84D374-73F5-40E1-8730-0E436EFAC6F3}.Release|x86.ActiveCfg = Release|Any CPU
		{4A84D374-73F5-40E1-8730-0E436EFAC6F3}.Release|x86.Build.0 = Release|Any CPU
		{83E06914-8756-41CB-BDDB-42354AB5D0F9}.Debug|Any CPU.ActiveCfg = Debug|Any CPU
		{83E06914-8756-41CB-BDDB-42354AB5D0F9}.Debug|Any CPU.Build.0 = Debug|Any CPU
		{83E06914-8756-41CB-BDDB-42354AB5D0F9}.Debug|x64.ActiveCfg = Debug|Any CPU
		{83E06914-8756-41CB-BDDB-42354AB5D0F9}.Debug|x64.Build.0 = Debug|Any CPU
		{83E06914-8756-41CB-BDDB-42354AB5D0F9}.Debug|x86.ActiveCfg = Debug|Any CPU
		{83E06914-8756-41CB-BDDB-42354AB5D0F9}.Debug|x86.Build.0 = Debug|Any CPU
		{83E06914-8756-41CB-BDDB-42354AB5D0F9}.Release|Any CPU.ActiveCfg = Release|Any CPU
		{83E06914-8756-41CB-BDDB-42354AB5D0F9}.Release|Any CPU.Build.0 = Release|Any CPU
		{83E06914-8756-41CB-BDDB-42354AB5D0F9}.Release|x64.ActiveCfg = Release|Any CPU
		{83E06914-8756-41CB-BDDB-42354AB5D0F9}.Release|x64.Build.0 = Release|Any CPU
		{83E06914-8756-41CB-BDDB-42354AB5D0F9}.Release|x86.ActiveCfg = Release|Any CPU
		{83E06914-8756-41CB-BDDB-42354AB5D0F9}.Release|x86.Build.0 = Release|Any CPU
	EndGlobalSection
	GlobalSection(NestedProjects) = preSolution
		{83E06914-8756-41CB-BDDB-42354AB5D0F9} = {FDDBAD0B-8E93-4D69-BDC7-395B4891B6A9}
	EndGlobalSection
EndGlobal
